// !$*UTF8*$!
{
	archiveVersion = 1;
	classes = {
	};
	objectVersion = 51;
	objects = {

/* Begin PBXBuildFile section */
		4F2240171D7CD5E8B3860595 /* libPods-Explore&Mark.a in Frameworks */ = {isa = PBXBuildFile; fileRef = 5D4F47C8AEFF2F6550CBE1DA /* libPods-Explore&Mark.a */; };
		971D367925B0B85500385F0F /* AppData.swift in Sources */ = {isa = PBXBuildFile; fileRef = 971D367825B0B85500385F0F /* AppData.swift */; };
		971D367C25B0DA8000385F0F /* MainTabBarController.swift in Sources */ = {isa = PBXBuildFile; fileRef = 971D367B25B0DA8000385F0F /* MainTabBarController.swift */; };
		971D367F25B0E03500385F0F /* MapViewController.swift in Sources */ = {isa = PBXBuildFile; fileRef = 971D367E25B0E03500385F0F /* MapViewController.swift */; };
		971D368325B0E04B00385F0F /* TableViewController.swift in Sources */ = {isa = PBXBuildFile; fileRef = 971D368225B0E04B00385F0F /* TableViewController.swift */; };
		971D368625B0E05900385F0F /* NewRecordViewController.swift in Sources */ = {isa = PBXBuildFile; fileRef = 971D368525B0E05900385F0F /* NewRecordViewController.swift */; };
		971D368C25B10ACC00385F0F /* Coordinate+Extension.swift in Sources */ = {isa = PBXBuildFile; fileRef = 971D368B25B10ACB00385F0F /* Coordinate+Extension.swift */; };
		971D36E025B15D2E00385F0F /* OTMObject.swift in Sources */ = {isa = PBXBuildFile; fileRef = 971D36DF25B15D2E00385F0F /* OTMObject.swift */; };
		971D36E325B15DAD00385F0F /* OTMPoint.swift in Sources */ = {isa = PBXBuildFile; fileRef = 971D36E225B15DAD00385F0F /* OTMPoint.swift */; };
		971D3B6125B17E7600385F0F /* OTMClient.swift in Sources */ = {isa = PBXBuildFile; fileRef = 971D3B6025B17E7600385F0F /* OTMClient.swift */; };
		971D3B9C25B187A900385F0F /* MKMapView+Extension.swift in Sources */ = {isa = PBXBuildFile; fileRef = 971D3B9B25B187A900385F0F /* MKMapView+Extension.swift */; };
		971D3B9F25B226BD00385F0F /* OTMObjectProperty.swift in Sources */ = {isa = PBXBuildFile; fileRef = 971D3B9E25B226BD00385F0F /* OTMObjectProperty.swift */; };
		971D3BA225B2279500385F0F /* OTMPreview.swift in Sources */ = {isa = PBXBuildFile; fileRef = 971D3BA125B2279500385F0F /* OTMPreview.swift */; };
		971D3BA525B229F500385F0F /* OTMWikiPediaExtracts.swift in Sources */ = {isa = PBXBuildFile; fileRef = 971D3BA425B229F500385F0F /* OTMWikiPediaExtracts.swift */; };
		971D3BA825B22B3600385F0F /* OTMObjectSource.swift in Sources */ = {isa = PBXBuildFile; fileRef = 971D3BA725B22B3600385F0F /* OTMObjectSource.swift */; };
		971D3BAB25B22D6500385F0F /* OTMInfo.swift in Sources */ = {isa = PBXBuildFile; fileRef = 971D3BAA25B22D6400385F0F /* OTMInfo.swift */; };
		971D3BAE25B22E0400385F0F /* OTMBbox.swift in Sources */ = {isa = PBXBuildFile; fileRef = 971D3BAD25B22E0400385F0F /* OTMBbox.swift */; };
		97C2A32425AFDA43005C467A /* AppDelegate.swift in Sources */ = {isa = PBXBuildFile; fileRef = 97C2A32325AFDA43005C467A /* AppDelegate.swift */; };
		97C2A32625AFDA43005C467A /* SceneDelegate.swift in Sources */ = {isa = PBXBuildFile; fileRef = 97C2A32525AFDA43005C467A /* SceneDelegate.swift */; };
		97C2A32825AFDA43005C467A /* SignInViewController.swift in Sources */ = {isa = PBXBuildFile; fileRef = 97C2A32725AFDA43005C467A /* SignInViewController.swift */; };
		97C2A32B25AFDA43005C467A /* Main.storyboard in Resources */ = {isa = PBXBuildFile; fileRef = 97C2A32925AFDA43005C467A /* Main.storyboard */; };
		97C2A32D25AFDA46005C467A /* Assets.xcassets in Resources */ = {isa = PBXBuildFile; fileRef = 97C2A32C25AFDA46005C467A /* Assets.xcassets */; };
		97C2A33025AFDA46005C467A /* LaunchScreen.storyboard in Resources */ = {isa = PBXBuildFile; fileRef = 97C2A32E25AFDA46005C467A /* LaunchScreen.storyboard */; };
		97C2A34125AFEAFF005C467A /* DataController.swift in Sources */ = {isa = PBXBuildFile; fileRef = 97C2A34025AFEAFF005C467A /* DataController.swift */; };
		97C2A34625AFECE8005C467A /* Explore&Mark.xcdatamodeld in Sources */ = {isa = PBXBuildFile; fileRef = 97C2A34425AFECE8005C467A /* Explore&Mark.xcdatamodeld */; };
		97C2A34925AFF267005C467A /* GoogleService-Info.plist in Resources */ = {isa = PBXBuildFile; fileRef = 97C2A34825AFF267005C467A /* GoogleService-Info.plist */; };
		97C2A3B525B01CBD005C467A /* RootNavigationController.swift in Sources */ = {isa = PBXBuildFile; fileRef = 97C2A3B425B01CBD005C467A /* RootNavigationController.swift */; };
/* End PBXBuildFile section */

/* Begin PBXFileReference section */
		3914F4D835F49CBF8A9D8A22 /* Pods-Explore&Mark.release.xcconfig */ = {isa = PBXFileReference; includeInIndex = 1; lastKnownFileType = text.xcconfig; name = "Pods-Explore&Mark.release.xcconfig"; path = "Target Support Files/Pods-Explore&Mark/Pods-Explore&Mark.release.xcconfig"; sourceTree = "<group>"; };
		4E7F4C474AFD860E9A83D607 /* Pods-Explore&Mark.debug.xcconfig */ = {isa = PBXFileReference; includeInIndex = 1; lastKnownFileType = text.xcconfig; name = "Pods-Explore&Mark.debug.xcconfig"; path = "Target Support Files/Pods-Explore&Mark/Pods-Explore&Mark.debug.xcconfig"; sourceTree = "<group>"; };
		5D4F47C8AEFF2F6550CBE1DA /* libPods-Explore&Mark.a */ = {isa = PBXFileReference; explicitFileType = archive.ar; includeInIndex = 0; path = "libPods-Explore&Mark.a"; sourceTree = BUILT_PRODUCTS_DIR; };
		971D367825B0B85500385F0F /* AppData.swift */ = {isa = PBXFileReference; lastKnownFileType = sourcecode.swift; path = AppData.swift; sourceTree = "<group>"; };
		971D367B25B0DA8000385F0F /* MainTabBarController.swift */ = {isa = PBXFileReference; lastKnownFileType = sourcecode.swift; path = MainTabBarController.swift; sourceTree = "<group>"; };
		971D367E25B0E03500385F0F /* MapViewController.swift */ = {isa = PBXFileReference; lastKnownFileType = sourcecode.swift; path = MapViewController.swift; sourceTree = "<group>"; };
		971D368225B0E04B00385F0F /* TableViewController.swift */ = {isa = PBXFileReference; lastKnownFileType = sourcecode.swift; path = TableViewController.swift; sourceTree = "<group>"; };
		971D368525B0E05900385F0F /* NewRecordViewController.swift */ = {isa = PBXFileReference; lastKnownFileType = sourcecode.swift; path = NewRecordViewController.swift; sourceTree = "<group>"; };
		971D368B25B10ACB00385F0F /* Coordinate+Extension.swift */ = {isa = PBXFileReference; lastKnownFileType = sourcecode.swift; path = "Coordinate+Extension.swift"; sourceTree = "<group>"; };
		971D36DF25B15D2E00385F0F /* OTMObject.swift */ = {isa = PBXFileReference; lastKnownFileType = sourcecode.swift; path = OTMObject.swift; sourceTree = "<group>"; };
		971D36E225B15DAD00385F0F /* OTMPoint.swift */ = {isa = PBXFileReference; lastKnownFileType = sourcecode.swift; path = OTMPoint.swift; sourceTree = "<group>"; };
		971D3B6025B17E7600385F0F /* OTMClient.swift */ = {isa = PBXFileReference; lastKnownFileType = sourcecode.swift; path = OTMClient.swift; sourceTree = "<group>"; };
		971D3B9B25B187A900385F0F /* MKMapView+Extension.swift */ = {isa = PBXFileReference; lastKnownFileType = sourcecode.swift; path = "MKMapView+Extension.swift"; sourceTree = "<group>"; };
		971D3B9E25B226BD00385F0F /* OTMObjectProperty.swift */ = {isa = PBXFileReference; lastKnownFileType = sourcecode.swift; path = OTMObjectProperty.swift; sourceTree = "<group>"; };
		971D3BA125B2279500385F0F /* OTMPreview.swift */ = {isa = PBXFileReference; lastKnownFileType = sourcecode.swift; path = OTMPreview.swift; sourceTree = "<group>"; };
		971D3BA425B229F500385F0F /* OTMWikiPediaExtracts.swift */ = {isa = PBXFileReference; lastKnownFileType = sourcecode.swift; path = OTMWikiPediaExtracts.swift; sourceTree = "<group>"; };
		971D3BA725B22B3600385F0F /* OTMObjectSource.swift */ = {isa = PBXFileReference; lastKnownFileType = sourcecode.swift; path = OTMObjectSource.swift; sourceTree = "<group>"; };
		971D3BAA25B22D6400385F0F /* OTMInfo.swift */ = {isa = PBXFileReference; lastKnownFileType = sourcecode.swift; path = OTMInfo.swift; sourceTree = "<group>"; };
		971D3BAD25B22E0400385F0F /* OTMBbox.swift */ = {isa = PBXFileReference; lastKnownFileType = sourcecode.swift; path = OTMBbox.swift; sourceTree = "<group>"; };
		97C2A32025AFDA43005C467A /* Explore&Mark.app */ = {isa = PBXFileReference; explicitFileType = wrapper.application; includeInIndex = 0; path = "Explore&Mark.app"; sourceTree = BUILT_PRODUCTS_DIR; };
		97C2A32325AFDA43005C467A /* AppDelegate.swift */ = {isa = PBXFileReference; lastKnownFileType = sourcecode.swift; path = AppDelegate.swift; sourceTree = "<group>"; };
		97C2A32525AFDA43005C467A /* SceneDelegate.swift */ = {isa = PBXFileReference; lastKnownFileType = sourcecode.swift; path = SceneDelegate.swift; sourceTree = "<group>"; };
		97C2A32725AFDA43005C467A /* SignInViewController.swift */ = {isa = PBXFileReference; lastKnownFileType = sourcecode.swift; path = SignInViewController.swift; sourceTree = "<group>"; };
		97C2A32A25AFDA43005C467A /* Base */ = {isa = PBXFileReference; lastKnownFileType = file.storyboard; name = Base; path = Base.lproj/Main.storyboard; sourceTree = "<group>"; };
		97C2A32C25AFDA46005C467A /* Assets.xcassets */ = {isa = PBXFileReference; lastKnownFileType = folder.assetcatalog; path = Assets.xcassets; sourceTree = "<group>"; };
		97C2A32F25AFDA46005C467A /* Base */ = {isa = PBXFileReference; lastKnownFileType = file.storyboard; name = Base; path = Base.lproj/LaunchScreen.storyboard; sourceTree = "<group>"; };
		97C2A33125AFDA46005C467A /* Info.plist */ = {isa = PBXFileReference; lastKnownFileType = text.plist.xml; path = Info.plist; sourceTree = "<group>"; };
		97C2A34025AFEAFF005C467A /* DataController.swift */ = {isa = PBXFileReference; lastKnownFileType = sourcecode.swift; path = DataController.swift; sourceTree = "<group>"; };
		97C2A34525AFECE8005C467A /* Explore&Mark.xcdatamodel */ = {isa = PBXFileReference; lastKnownFileType = wrapper.xcdatamodel; path = "Explore&Mark.xcdatamodel"; sourceTree = "<group>"; };
		97C2A34825AFF267005C467A /* GoogleService-Info.plist */ = {isa = PBXFileReference; fileEncoding = 4; lastKnownFileType = text.plist.xml; path = "GoogleService-Info.plist"; sourceTree = "<group>"; };
		97C2A3B425B01CBD005C467A /* RootNavigationController.swift */ = {isa = PBXFileReference; lastKnownFileType = sourcecode.swift; path = RootNavigationController.swift; sourceTree = "<group>"; };
/* End PBXFileReference section */

/* Begin PBXFrameworksBuildPhase section */
		97C2A31D25AFDA43005C467A /* Frameworks */ = {
			isa = PBXFrameworksBuildPhase;
			buildActionMask = 2147483647;
			files = (
				4F2240171D7CD5E8B3860595 /* libPods-Explore&Mark.a in Frameworks */,
			);
			runOnlyForDeploymentPostprocessing = 0;
		};
/* End PBXFrameworksBuildPhase section */

/* Begin PBXGroup section */
		971D368A25B10AAD00385F0F /* Extension */ = {
			isa = PBXGroup;
			children = (
				971D368B25B10ACB00385F0F /* Coordinate+Extension.swift */,
				971D3B9B25B187A900385F0F /* MKMapView+Extension.swift */,
			);
			path = Extension;
			sourceTree = "<group>";
		};
		971D36DC25B1549A00385F0F /* Client */ = {
			isa = PBXGroup;
			children = (
				971D3B6025B17E7600385F0F /* OTMClient.swift */,
			);
			path = Client;
			sourceTree = "<group>";
		};
		971D36DE25B15D0600385F0F /* Respnse */ = {
			isa = PBXGroup;
			children = (
				971D36DF25B15D2E00385F0F /* OTMObject.swift */,
				971D36E225B15DAD00385F0F /* OTMPoint.swift */,
				971D3B9E25B226BD00385F0F /* OTMObjectProperty.swift */,
				971D3BA125B2279500385F0F /* OTMPreview.swift */,
				971D3BA425B229F500385F0F /* OTMWikiPediaExtracts.swift */,
				971D3BA725B22B3600385F0F /* OTMObjectSource.swift */,
				971D3BAA25B22D6400385F0F /* OTMInfo.swift */,
				971D3BAD25B22E0400385F0F /* OTMBbox.swift */,
			);
			path = Respnse;
			sourceTree = "<group>";
		};
		97C2A31725AFDA43005C467A = {
			isa = PBXGroup;
			children = (
				97C2A32225AFDA43005C467A /* Explore&Mark */,
				97C2A32125AFDA43005C467A /* Products */,
				A2BB7B1243E3AE555E7BEA61 /* Pods */,
				AF349AD0F30DCF5BCBB28A18 /* Frameworks */,
			);
			sourceTree = "<group>";
		};
		97C2A32125AFDA43005C467A /* Products */ = {
			isa = PBXGroup;
			children = (
				97C2A32025AFDA43005C467A /* Explore&Mark.app */,
			);
			name = Products;
			sourceTree = "<group>";
		};
		97C2A32225AFDA43005C467A /* Explore&Mark */ = {
			isa = PBXGroup;
			children = (
				97C2A32325AFDA43005C467A /* AppDelegate.swift */,
				97C2A32525AFDA43005C467A /* SceneDelegate.swift */,
				97C2A33C25AFDAA9005C467A /* Model */,
				97C2A33825AFDA82005C467A /* Controller */,
				97C2A33A25AFDA9A005C467A /* View */,
				97C2A32C25AFDA46005C467A /* Assets.xcassets */,
				97C2A33125AFDA46005C467A /* Info.plist */,
				97C2A34825AFF267005C467A /* GoogleService-Info.plist */,
			);
			path = "Explore&Mark";
			sourceTree = "<group>";
		};
		97C2A33825AFDA82005C467A /* Controller */ = {
			isa = PBXGroup;
			children = (
				97C2A32725AFDA43005C467A /* SignInViewController.swift */,
				97C2A3B425B01CBD005C467A /* RootNavigationController.swift */,
				971D367B25B0DA8000385F0F /* MainTabBarController.swift */,
				971D367E25B0E03500385F0F /* MapViewController.swift */,
				971D368225B0E04B00385F0F /* TableViewController.swift */,
				971D368525B0E05900385F0F /* NewRecordViewController.swift */,
			);
			path = Controller;
			sourceTree = "<group>";
		};
		97C2A33A25AFDA9A005C467A /* View */ = {
			isa = PBXGroup;
			children = (
				97C2A32925AFDA43005C467A /* Main.storyboard */,
				97C2A32E25AFDA46005C467A /* LaunchScreen.storyboard */,
			);
			path = View;
			sourceTree = "<group>";
		};
		97C2A33C25AFDAA9005C467A /* Model */ = {
			isa = PBXGroup;
			children = (
				971D368A25B10AAD00385F0F /* Extension */,
				97C2A33E25AFDABB005C467A /* Network */,
				97C2A34025AFEAFF005C467A /* DataController.swift */,
				97C2A34425AFECE8005C467A /* Explore&Mark.xcdatamodeld */,
				971D367825B0B85500385F0F /* AppData.swift */,
			);
			path = Model;
			sourceTree = "<group>";
		};
		97C2A33E25AFDABB005C467A /* Network */ = {
			isa = PBXGroup;
			children = (
				971D36DE25B15D0600385F0F /* Respnse */,
				971D36DC25B1549A00385F0F /* Client */,
			);
			path = Network;
			sourceTree = "<group>";
		};
		A2BB7B1243E3AE555E7BEA61 /* Pods */ = {
			isa = PBXGroup;
			children = (
				4E7F4C474AFD860E9A83D607 /* Pods-Explore&Mark.debug.xcconfig */,
				3914F4D835F49CBF8A9D8A22 /* Pods-Explore&Mark.release.xcconfig */,
			);
			path = Pods;
			sourceTree = "<group>";
		};
		AF349AD0F30DCF5BCBB28A18 /* Frameworks */ = {
			isa = PBXGroup;
			children = (
				5D4F47C8AEFF2F6550CBE1DA /* libPods-Explore&Mark.a */,
			);
			name = Frameworks;
			sourceTree = "<group>";
		};
/* End PBXGroup section */

/* Begin PBXNativeTarget section */
		97C2A31F25AFDA43005C467A /* Explore&Mark */ = {
			isa = PBXNativeTarget;
			buildConfigurationList = 97C2A33425AFDA46005C467A /* Build configuration list for PBXNativeTarget "Explore&Mark" */;
			buildPhases = (
				3FB48C3486F8D57F2256BE2A /* [CP] Check Pods Manifest.lock */,
				97C2A31C25AFDA43005C467A /* Sources */,
				97C2A31D25AFDA43005C467A /* Frameworks */,
				97C2A31E25AFDA43005C467A /* Resources */,
				F675CDDF4991656240358FFB /* [CP] Copy Pods Resources */,
			);
			buildRules = (
			);
			dependencies = (
			);
			name = "Explore&Mark";
			productName = "Explore&Mark";
			productReference = 97C2A32025AFDA43005C467A /* Explore&Mark.app */;
			productType = "com.apple.product-type.application";
		};
/* End PBXNativeTarget section */

/* Begin PBXProject section */
		97C2A31825AFDA43005C467A /* Project object */ = {
			isa = PBXProject;
			attributes = {
				LastSwiftUpdateCheck = 1230;
				LastUpgradeCheck = 1230;
				TargetAttributes = {
					97C2A31F25AFDA43005C467A = {
						CreatedOnToolsVersion = 12.3;
					};
				};
			};
			buildConfigurationList = 97C2A31B25AFDA43005C467A /* Build configuration list for PBXProject "Explore&Mark" */;
			compatibilityVersion = "Xcode 9.3";
			developmentRegion = en;
			hasScannedForEncodings = 0;
			knownRegions = (
				en,
				Base,
			);
			mainGroup = 97C2A31725AFDA43005C467A;
			productRefGroup = 97C2A32125AFDA43005C467A /* Products */;
			projectDirPath = "";
			projectRoot = "";
			targets = (
				97C2A31F25AFDA43005C467A /* Explore&Mark */,
			);
		};
/* End PBXProject section */

/* Begin PBXResourcesBuildPhase section */
		97C2A31E25AFDA43005C467A /* Resources */ = {
			isa = PBXResourcesBuildPhase;
			buildActionMask = 2147483647;
			files = (
				97C2A33025AFDA46005C467A /* LaunchScreen.storyboard in Resources */,
				97C2A34925AFF267005C467A /* GoogleService-Info.plist in Resources */,
				97C2A32D25AFDA46005C467A /* Assets.xcassets in Resources */,
				97C2A32B25AFDA43005C467A /* Main.storyboard in Resources */,
			);
			runOnlyForDeploymentPostprocessing = 0;
		};
/* End PBXResourcesBuildPhase section */

/* Begin PBXShellScriptBuildPhase section */
		3FB48C3486F8D57F2256BE2A /* [CP] Check Pods Manifest.lock */ = {
			isa = PBXShellScriptBuildPhase;
			buildActionMask = 2147483647;
			files = (
			);
			inputFileListPaths = (
			);
			inputPaths = (
				"${PODS_PODFILE_DIR_PATH}/Podfile.lock",
				"${PODS_ROOT}/Manifest.lock",
			);
			name = "[CP] Check Pods Manifest.lock";
			outputFileListPaths = (
			);
			outputPaths = (
				"$(DERIVED_FILE_DIR)/Pods-Explore&Mark-checkManifestLockResult.txt",
			);
			runOnlyForDeploymentPostprocessing = 0;
			shellPath = /bin/sh;
			shellScript = "diff \"${PODS_PODFILE_DIR_PATH}/Podfile.lock\" \"${PODS_ROOT}/Manifest.lock\" > /dev/null\nif [ $? != 0 ] ; then\n    # print error to STDERR\n    echo \"error: The sandbox is not in sync with the Podfile.lock. Run 'pod install' or update your CocoaPods installation.\" >&2\n    exit 1\nfi\n# This output is used by Xcode 'outputs' to avoid re-running this script phase.\necho \"SUCCESS\" > \"${SCRIPT_OUTPUT_FILE_0}\"\n";
			showEnvVarsInLog = 0;
		};
		F675CDDF4991656240358FFB /* [CP] Copy Pods Resources */ = {
			isa = PBXShellScriptBuildPhase;
			buildActionMask = 2147483647;
			files = (
			);
			inputFileListPaths = (
				"${PODS_ROOT}/Target Support Files/Pods-Explore&Mark/Pods-Explore&Mark-resources-${CONFIGURATION}-input-files.xcfilelist",
			);
			name = "[CP] Copy Pods Resources";
			outputFileListPaths = (
				"${PODS_ROOT}/Target Support Files/Pods-Explore&Mark/Pods-Explore&Mark-resources-${CONFIGURATION}-output-files.xcfilelist",
			);
			runOnlyForDeploymentPostprocessing = 0;
			shellPath = /bin/sh;
			shellScript = "\"${PODS_ROOT}/Target Support Files/Pods-Explore&Mark/Pods-Explore&Mark-resources.sh\"\n";
			showEnvVarsInLog = 0;
		};
/* End PBXShellScriptBuildPhase section */

/* Begin PBXSourcesBuildPhase section */
		97C2A31C25AFDA43005C467A /* Sources */ = {
			isa = PBXSourcesBuildPhase;
			buildActionMask = 2147483647;
			files = (
				971D368625B0E05900385F0F /* NewRecordViewController.swift in Sources */,
				97C2A32825AFDA43005C467A /* SignInViewController.swift in Sources */,
				97C2A32425AFDA43005C467A /* AppDelegate.swift in Sources */,
				971D367C25B0DA8000385F0F /* MainTabBarController.swift in Sources */,
				971D3BA825B22B3600385F0F /* OTMObjectSource.swift in Sources */,
				971D368325B0E04B00385F0F /* TableViewController.swift in Sources */,
				97C2A32625AFDA43005C467A /* SceneDelegate.swift in Sources */,
				971D3BAE25B22E0400385F0F /* OTMBbox.swift in Sources */,
				971D367F25B0E03500385F0F /* MapViewController.swift in Sources */,
				971D3BA525B229F500385F0F /* OTMWikiPediaExtracts.swift in Sources */,
				971D3B6125B17E7600385F0F /* OTMClient.swift in Sources */,
				971D3B9F25B226BD00385F0F /* OTMObjectProperty.swift in Sources */,
				97C2A34125AFEAFF005C467A /* DataController.swift in Sources */,
				971D36E325B15DAD00385F0F /* OTMPoint.swift in Sources */,
				97C2A34625AFECE8005C467A /* Explore&Mark.xcdatamodeld in Sources */,
				971D368C25B10ACC00385F0F /* Coordinate+Extension.swift in Sources */,
				971D36E025B15D2E00385F0F /* OTMObject.swift in Sources */,
				971D3B9C25B187A900385F0F /* MKMapView+Extension.swift in Sources */,
				97C2A3B525B01CBD005C467A /* RootNavigationController.swift in Sources */,
				971D367925B0B85500385F0F /* AppData.swift in Sources */,
				971D3BAB25B22D6500385F0F /* OTMInfo.swift in Sources */,
				971D3BA225B2279500385F0F /* OTMPreview.swift in Sources */,
			);
			runOnlyForDeploymentPostprocessing = 0;
		};
/* End PBXSourcesBuildPhase section */

/* Begin PBXVariantGroup section */
		97C2A32925AFDA43005C467A /* Main.storyboard */ = {
			isa = PBXVariantGroup;
			children = (
				97C2A32A25AFDA43005C467A /* Base */,
			);
			name = Main.storyboard;
			sourceTree = "<group>";
		};
		97C2A32E25AFDA46005C467A /* LaunchScreen.storyboard */ = {
			isa = PBXVariantGroup;
			children = (
				97C2A32F25AFDA46005C467A /* Base */,
			);
			name = LaunchScreen.storyboard;
			sourceTree = "<group>";
		};
/* End PBXVariantGroup section */

/* Begin XCBuildConfiguration section */
		97C2A33225AFDA46005C467A /* Debug */ = {
			isa = XCBuildConfiguration;
			buildSettings = {
				ALWAYS_SEARCH_USER_PATHS = NO;
				CLANG_ANALYZER_NONNULL = YES;
				CLANG_ANALYZER_NUMBER_OBJECT_CONVERSION = YES_AGGRESSIVE;
				CLANG_CXX_LANGUAGE_STANDARD = "gnu++14";
				CLANG_CXX_LIBRARY = "libc++";
				CLANG_ENABLE_MODULES = YES;
				CLANG_ENABLE_OBJC_ARC = YES;
				CLANG_ENABLE_OBJC_WEAK = YES;
				CLANG_WARN_BLOCK_CAPTURE_AUTORELEASING = YES;
				CLANG_WARN_BOOL_CONVERSION = YES;
				CLANG_WARN_COMMA = YES;
				CLANG_WARN_CONSTANT_CONVERSION = YES;
				CLANG_WARN_DEPRECATED_OBJC_IMPLEMENTATIONS = YES;
				CLANG_WARN_DIRECT_OBJC_ISA_USAGE = YES_ERROR;
				CLANG_WARN_DOCUMENTATION_COMMENTS = YES;
				CLANG_WARN_EMPTY_BODY = YES;
				CLANG_WARN_ENUM_CONVERSION = YES;
				CLANG_WARN_INFINITE_RECURSION = YES;
				CLANG_WARN_INT_CONVERSION = YES;
				CLANG_WARN_NON_LITERAL_NULL_CONVERSION = YES;
				CLANG_WARN_OBJC_IMPLICIT_RETAIN_SELF = YES;
				CLANG_WARN_OBJC_LITERAL_CONVERSION = YES;
				CLANG_WARN_OBJC_ROOT_CLASS = YES_ERROR;
				CLANG_WARN_QUOTED_INCLUDE_IN_FRAMEWORK_HEADER = YES;
				CLANG_WARN_RANGE_LOOP_ANALYSIS = YES;
				CLANG_WARN_STRICT_PROTOTYPES = YES;
				CLANG_WARN_SUSPICIOUS_MOVE = YES;
				CLANG_WARN_UNGUARDED_AVAILABILITY = YES_AGGRESSIVE;
				CLANG_WARN_UNREACHABLE_CODE = YES;
				CLANG_WARN__DUPLICATE_METHOD_MATCH = YES;
				COPY_PHASE_STRIP = NO;
				DEBUG_INFORMATION_FORMAT = dwarf;
				ENABLE_STRICT_OBJC_MSGSEND = YES;
				ENABLE_TESTABILITY = YES;
				GCC_C_LANGUAGE_STANDARD = gnu11;
				GCC_DYNAMIC_NO_PIC = NO;
				GCC_NO_COMMON_BLOCKS = YES;
				GCC_OPTIMIZATION_LEVEL = 0;
				GCC_PREPROCESSOR_DEFINITIONS = (
					"DEBUG=1",
					"$(inherited)",
				);
				GCC_WARN_64_TO_32_BIT_CONVERSION = YES;
				GCC_WARN_ABOUT_RETURN_TYPE = YES_ERROR;
				GCC_WARN_UNDECLARED_SELECTOR = YES;
				GCC_WARN_UNINITIALIZED_AUTOS = YES_AGGRESSIVE;
				GCC_WARN_UNUSED_FUNCTION = YES;
				GCC_WARN_UNUSED_VARIABLE = YES;
				IPHONEOS_DEPLOYMENT_TARGET = 14.3;
				MTL_ENABLE_DEBUG_INFO = INCLUDE_SOURCE;
				MTL_FAST_MATH = YES;
				ONLY_ACTIVE_ARCH = YES;
				SDKROOT = iphoneos;
				SWIFT_ACTIVE_COMPILATION_CONDITIONS = DEBUG;
				SWIFT_OPTIMIZATION_LEVEL = "-Onone";
			};
			name = Debug;
		};
		97C2A33325AFDA46005C467A /* Release */ = {
			isa = XCBuildConfiguration;
			buildSettings = {
				ALWAYS_SEARCH_USER_PATHS = NO;
				CLANG_ANALYZER_NONNULL = YES;
				CLANG_ANALYZER_NUMBER_OBJECT_CONVERSION = YES_AGGRESSIVE;
				CLANG_CXX_LANGUAGE_STANDARD = "gnu++14";
				CLANG_CXX_LIBRARY = "libc++";
				CLANG_ENABLE_MODULES = YES;
				CLANG_ENABLE_OBJC_ARC = YES;
				CLANG_ENABLE_OBJC_WEAK = YES;
				CLANG_WARN_BLOCK_CAPTURE_AUTORELEASING = YES;
				CLANG_WARN_BOOL_CONVERSION = YES;
				CLANG_WARN_COMMA = YES;
				CLANG_WARN_CONSTANT_CONVERSION = YES;
				CLANG_WARN_DEPRECATED_OBJC_IMPLEMENTATIONS = YES;
				CLANG_WARN_DIRECT_OBJC_ISA_USAGE = YES_ERROR;
				CLANG_WARN_DOCUMENTATION_COMMENTS = YES;
				CLANG_WARN_EMPTY_BODY = YES;
				CLANG_WARN_ENUM_CONVERSION = YES;
				CLANG_WARN_INFINITE_RECURSION = YES;
				CLANG_WARN_INT_CONVERSION = YES;
				CLANG_WARN_NON_LITERAL_NULL_CONVERSION = YES;
				CLANG_WARN_OBJC_IMPLICIT_RETAIN_SELF = YES;
				CLANG_WARN_OBJC_LITERAL_CONVERSION = YES;
				CLANG_WARN_OBJC_ROOT_CLASS = YES_ERROR;
				CLANG_WARN_QUOTED_INCLUDE_IN_FRAMEWORK_HEADER = YES;
				CLANG_WARN_RANGE_LOOP_ANALYSIS = YES;
				CLANG_WARN_STRICT_PROTOTYPES = YES;
				CLANG_WARN_SUSPICIOUS_MOVE = YES;
				CLANG_WARN_UNGUARDED_AVAILABILITY = YES_AGGRESSIVE;
				CLANG_WARN_UNREACHABLE_CODE = YES;
				CLANG_WARN__DUPLICATE_METHOD_MATCH = YES;
				COPY_PHASE_STRIP = NO;
				DEBUG_INFORMATION_FORMAT = "dwarf-with-dsym";
				ENABLE_NS_ASSERTIONS = NO;
				ENABLE_STRICT_OBJC_MSGSEND = YES;
				GCC_C_LANGUAGE_STANDARD = gnu11;
				GCC_NO_COMMON_BLOCKS = YES;
				GCC_WARN_64_TO_32_BIT_CONVERSION = YES;
				GCC_WARN_ABOUT_RETURN_TYPE = YES_ERROR;
				GCC_WARN_UNDECLARED_SELECTOR = YES;
				GCC_WARN_UNINITIALIZED_AUTOS = YES_AGGRESSIVE;
				GCC_WARN_UNUSED_FUNCTION = YES;
				GCC_WARN_UNUSED_VARIABLE = YES;
				IPHONEOS_DEPLOYMENT_TARGET = 14.3;
				MTL_ENABLE_DEBUG_INFO = NO;
				MTL_FAST_MATH = YES;
				SDKROOT = iphoneos;
				SWIFT_COMPILATION_MODE = wholemodule;
				SWIFT_OPTIMIZATION_LEVEL = "-O";
				VALIDATE_PRODUCT = YES;
			};
			name = Release;
		};
		97C2A33525AFDA46005C467A /* Debug */ = {
			isa = XCBuildConfiguration;
			baseConfigurationReference = 4E7F4C474AFD860E9A83D607 /* Pods-Explore&Mark.debug.xcconfig */;
			buildSettings = {
				ASSETCATALOG_COMPILER_APPICON_NAME = AppIcon;
				ASSETCATALOG_COMPILER_GLOBAL_ACCENT_COLOR_NAME = AccentColor;
				CODE_SIGN_STYLE = Automatic;
				DEVELOPMENT_TEAM = SPS4VR96JK;
				INFOPLIST_FILE = "Explore&Mark/Info.plist";
				LD_RUNPATH_SEARCH_PATHS = (
					"$(inherited)",
					"@executable_path/Frameworks",
				);
				PRODUCT_BUNDLE_IDENTIFIER = "com.explore-mark";
				PRODUCT_NAME = "$(TARGET_NAME)";
				SWIFT_VERSION = 5.0;
				TARGETED_DEVICE_FAMILY = "1,2";
			};
			name = Debug;
		};
		97C2A33625AFDA46005C467A /* Release */ = {
			isa = XCBuildConfiguration;
			baseConfigurationReference = 3914F4D835F49CBF8A9D8A22 /* Pods-Explore&Mark.release.xcconfig */;
			buildSettings = {
				ASSETCATALOG_COMPILER_APPICON_NAME = AppIcon;
				ASSETCATALOG_COMPILER_GLOBAL_ACCENT_COLOR_NAME = AccentColor;
				CODE_SIGN_STYLE = Automatic;
				DEVELOPMENT_TEAM = SPS4VR96JK;
				INFOPLIST_FILE = "Explore&Mark/Info.plist";
				LD_RUNPATH_SEARCH_PATHS = (
					"$(inherited)",
					"@executable_path/Frameworks",
				);
				PRODUCT_BUNDLE_IDENTIFIER = "com.explore-mark";
				PRODUCT_NAME = "$(TARGET_NAME)";
				SWIFT_VERSION = 5.0;
				TARGETED_DEVICE_FAMILY = "1,2";
			};
			name = Release;
		};
/* End XCBuildConfiguration section */

/* Begin XCConfigurationList section */
		97C2A31B25AFDA43005C467A /* Build configuration list for PBXProject "Explore&Mark" */ = {
			isa = XCConfigurationList;
			buildConfigurations = (
				97C2A33225AFDA46005C467A /* Debug */,
				97C2A33325AFDA46005C467A /* Release */,
			);
			defaultConfigurationIsVisible = 0;
			defaultConfigurationName = Release;
		};
		97C2A33425AFDA46005C467A /* Build configuration list for PBXNativeTarget "Explore&Mark" */ = {
			isa = XCConfigurationList;
			buildConfigurations = (
				97C2A33525AFDA46005C467A /* Debug */,
				97C2A33625AFDA46005C467A /* Release */,
			);
			defaultConfigurationIsVisible = 0;
			defaultConfigurationName = Release;
		};
/* End XCConfigurationList section */

/* Begin XCVersionGroup section */
		97C2A34425AFECE8005C467A /* Explore&Mark.xcdatamodeld */ = {
			isa = XCVersionGroup;
			children = (
				97C2A34525AFECE8005C467A /* Explore&Mark.xcdatamodel */,
			);
			currentVersion = 97C2A34525AFECE8005C467A /* Explore&Mark.xcdatamodel */;
			path = "Explore&Mark.xcdatamodeld";
			sourceTree = "<group>";
			versionGroupType = wrapper.xcdatamodel;
		};
/* End XCVersionGroup section */
	};
	rootObject = 97C2A31825AFDA43005C467A /* Project object */;
}
